// !$*UTF8*$!
{
	archiveVersion = 1;
	classes = {
	};
	objectVersion = 56;
	objects = {

/* Begin PBXBuildFile section */
		041470272BF754F800ACC566 /* FetchImageUseCase.swift in Sources */ = {isa = PBXBuildFile; fileRef = 041470262BF754F800ACC566 /* FetchImageUseCase.swift */; };
		041554942BF1E86B0040EA6D /* RxCocoa in Frameworks */ = {isa = PBXBuildFile; productRef = 041554932BF1E86B0040EA6D /* RxCocoa */; };
		041554962BF1E86B0040EA6D /* RxSwift in Frameworks */ = {isa = PBXBuildFile; productRef = 041554952BF1E86B0040EA6D /* RxSwift */; };
		041554982BF1EA6B0040EA6D /* KeywordSearchResponseModel.swift in Sources */ = {isa = PBXBuildFile; fileRef = 041554972BF1EA6B0040EA6D /* KeywordSearchResponseModel.swift */; };
		0445A0C22BE8EA50006DC373 /* SearchByKeywordUseCase.swift in Sources */ = {isa = PBXBuildFile; fileRef = 0445A0C12BE8EA50006DC373 /* SearchByKeywordUseCase.swift */; };
		04A488042BF33C590007D256 /* Endpoint.swift in Sources */ = {isa = PBXBuildFile; fileRef = 04A488032BF33C590007D256 /* Endpoint.swift */; };
		04A488062BF343530007D256 /* KeywordSearchRepository.swift in Sources */ = {isa = PBXBuildFile; fileRef = 04A488052BF343530007D256 /* KeywordSearchRepository.swift */; };
		04A4880A2BF492DF0007D256 /* BasicModel.swift in Sources */ = {isa = PBXBuildFile; fileRef = 04A488092BF492DF0007D256 /* BasicModel.swift */; };
		04B993F32BE79DE900E9D68D /* AppDelegate.swift in Sources */ = {isa = PBXBuildFile; fileRef = 04B993F22BE79DE900E9D68D /* AppDelegate.swift */; };
		04B993F52BE79DE900E9D68D /* SceneDelegate.swift in Sources */ = {isa = PBXBuildFile; fileRef = 04B993F42BE79DE900E9D68D /* SceneDelegate.swift */; };
		04B993F72BE79DE900E9D68D /* SearchKeywordViewController.swift in Sources */ = {isa = PBXBuildFile; fileRef = 04B993F62BE79DE900E9D68D /* SearchKeywordViewController.swift */; };
		04B993FC2BE79DE900E9D68D /* Assets.xcassets in Resources */ = {isa = PBXBuildFile; fileRef = 04B993FB2BE79DE900E9D68D /* Assets.xcassets */; };
		04B993FF2BE79DE900E9D68D /* Base in Resources */ = {isa = PBXBuildFile; fileRef = 04B993FE2BE79DE900E9D68D /* Base */; };
		04B994132BE7CBB000E9D68D /* URLSession.swift in Sources */ = {isa = PBXBuildFile; fileRef = 04B994122BE7CBB000E9D68D /* URLSession.swift */; };
		04B994152BE7CBF400E9D68D /* Bundle.swift in Sources */ = {isa = PBXBuildFile; fileRef = 04B994142BE7CBF400E9D68D /* Bundle.swift */; };
		04B994172BE7CC4F00E9D68D /* APIKey.plist in Resources */ = {isa = PBXBuildFile; fileRef = 04B994162BE7CC4F00E9D68D /* APIKey.plist */; };
		04B994192BE7CE9200E9D68D /* NetworkSessionManager.swift in Sources */ = {isa = PBXBuildFile; fileRef = 04B994182BE7CE9200E9D68D /* NetworkSessionManager.swift */; };
		04B9941B2BE7CFCA00E9D68D /* NetworkService.swift in Sources */ = {isa = PBXBuildFile; fileRef = 04B9941A2BE7CFCA00E9D68D /* NetworkService.swift */; };
		04B9941D2BE7D18B00E9D68D /* JSONDecoder.swift in Sources */ = {isa = PBXBuildFile; fileRef = 04B9941C2BE7D18B00E9D68D /* JSONDecoder.swift */; };
		C31D58062BF3449700BFE3A3 /* SearchKeywordViewModel.swift in Sources */ = {isa = PBXBuildFile; fileRef = C31D58052BF3449700BFE3A3 /* SearchKeywordViewModel.swift */; };
		C3A409832BF582D700B1D2B2 /* ResultTableViewCell.swift in Sources */ = {isa = PBXBuildFile; fileRef = C3A409822BF582D700B1D2B2 /* ResultTableViewCell.swift */; };
/* End PBXBuildFile section */

/* Begin PBXFileReference section */
		041470262BF754F800ACC566 /* FetchImageUseCase.swift */ = {isa = PBXFileReference; lastKnownFileType = sourcecode.swift; path = FetchImageUseCase.swift; sourceTree = "<group>"; };
		041554972BF1EA6B0040EA6D /* KeywordSearchResponseModel.swift */ = {isa = PBXFileReference; lastKnownFileType = sourcecode.swift; path = KeywordSearchResponseModel.swift; sourceTree = "<group>"; };
		0445A0C12BE8EA50006DC373 /* SearchByKeywordUseCase.swift */ = {isa = PBXFileReference; lastKnownFileType = sourcecode.swift; path = SearchByKeywordUseCase.swift; sourceTree = "<group>"; };
		04A488032BF33C590007D256 /* Endpoint.swift */ = {isa = PBXFileReference; lastKnownFileType = sourcecode.swift; path = Endpoint.swift; sourceTree = "<group>"; };
		04A488052BF343530007D256 /* KeywordSearchRepository.swift */ = {isa = PBXFileReference; lastKnownFileType = sourcecode.swift; path = KeywordSearchRepository.swift; sourceTree = "<group>"; };
		04A488092BF492DF0007D256 /* BasicModel.swift */ = {isa = PBXFileReference; lastKnownFileType = sourcecode.swift; path = BasicModel.swift; sourceTree = "<group>"; };
		04B993EF2BE79DE900E9D68D /* FootprintsOfKorea.app */ = {isa = PBXFileReference; explicitFileType = wrapper.application; includeInIndex = 0; path = FootprintsOfKorea.app; sourceTree = BUILT_PRODUCTS_DIR; };
		04B993F22BE79DE900E9D68D /* AppDelegate.swift */ = {isa = PBXFileReference; lastKnownFileType = sourcecode.swift; path = AppDelegate.swift; sourceTree = "<group>"; };
		04B993F42BE79DE900E9D68D /* SceneDelegate.swift */ = {isa = PBXFileReference; lastKnownFileType = sourcecode.swift; path = SceneDelegate.swift; sourceTree = "<group>"; };
		04B993F62BE79DE900E9D68D /* SearchKeywordViewController.swift */ = {isa = PBXFileReference; lastKnownFileType = sourcecode.swift; path = SearchKeywordViewController.swift; sourceTree = "<group>"; };
		04B993FB2BE79DE900E9D68D /* Assets.xcassets */ = {isa = PBXFileReference; lastKnownFileType = folder.assetcatalog; path = Assets.xcassets; sourceTree = "<group>"; };
		04B993FE2BE79DE900E9D68D /* Base */ = {isa = PBXFileReference; lastKnownFileType = file.storyboard; name = Base; path = Base.lproj/LaunchScreen.storyboard; sourceTree = "<group>"; };
		04B994002BE79DE900E9D68D /* Info.plist */ = {isa = PBXFileReference; lastKnownFileType = text.plist.xml; path = Info.plist; sourceTree = "<group>"; };
		04B994062BE7A0EA00E9D68D /* README.md */ = {isa = PBXFileReference; lastKnownFileType = net.daringfireball.markdown; path = README.md; sourceTree = "<group>"; };
		04B994122BE7CBB000E9D68D /* URLSession.swift */ = {isa = PBXFileReference; lastKnownFileType = sourcecode.swift; path = URLSession.swift; sourceTree = "<group>"; };
		04B994142BE7CBF400E9D68D /* Bundle.swift */ = {isa = PBXFileReference; lastKnownFileType = sourcecode.swift; path = Bundle.swift; sourceTree = "<group>"; };
		04B994162BE7CC4F00E9D68D /* APIKey.plist */ = {isa = PBXFileReference; lastKnownFileType = text.plist.xml; path = APIKey.plist; sourceTree = "<group>"; };
		04B994182BE7CE9200E9D68D /* NetworkSessionManager.swift */ = {isa = PBXFileReference; lastKnownFileType = sourcecode.swift; path = NetworkSessionManager.swift; sourceTree = "<group>"; };
		04B9941A2BE7CFCA00E9D68D /* NetworkService.swift */ = {isa = PBXFileReference; lastKnownFileType = sourcecode.swift; path = NetworkService.swift; sourceTree = "<group>"; };
		04B9941C2BE7D18B00E9D68D /* JSONDecoder.swift */ = {isa = PBXFileReference; lastKnownFileType = sourcecode.swift; path = JSONDecoder.swift; sourceTree = "<group>"; };
		C31D58052BF3449700BFE3A3 /* SearchKeywordViewModel.swift */ = {isa = PBXFileReference; lastKnownFileType = sourcecode.swift; path = SearchKeywordViewModel.swift; sourceTree = "<group>"; };
		C3A409822BF582D700B1D2B2 /* ResultTableViewCell.swift */ = {isa = PBXFileReference; lastKnownFileType = sourcecode.swift; path = ResultTableViewCell.swift; sourceTree = "<group>"; };
/* End PBXFileReference section */

/* Begin PBXFrameworksBuildPhase section */
		04B993EC2BE79DE900E9D68D /* Frameworks */ = {
			isa = PBXFrameworksBuildPhase;
			buildActionMask = 2147483647;
			files = (
				041554962BF1E86B0040EA6D /* RxSwift in Frameworks */,
				041554942BF1E86B0040EA6D /* RxCocoa in Frameworks */,
			);
			runOnlyForDeploymentPostprocessing = 0;
		};
/* End PBXFrameworksBuildPhase section */

/* Begin PBXGroup section */
		0445A0BF2BE8E9FC006DC373 /* Models */ = {
			isa = PBXGroup;
			children = (
				04A488092BF492DF0007D256 /* BasicModel.swift */,
			);
			path = Models;
			sourceTree = "<group>";
		};
		0445A0C02BE8EA06006DC373 /* UseCases */ = {
			isa = PBXGroup;
			children = (
				0445A0C12BE8EA50006DC373 /* SearchByKeywordUseCase.swift */,
				041470262BF754F800ACC566 /* FetchImageUseCase.swift */,
			);
			path = UseCases;
			sourceTree = "<group>";
		};
		04A488072BF4874D0007D256 /* SearchKeyword */ = {
			isa = PBXGroup;
			children = (
				C31D58052BF3449700BFE3A3 /* SearchKeywordViewModel.swift */,
				04B993F62BE79DE900E9D68D /* SearchKeywordViewController.swift */,
				C3A409822BF582D700B1D2B2 /* ResultTableViewCell.swift */,
			);
			path = SearchKeyword;
			sourceTree = "<group>";
		};
		04B993E62BE79DE900E9D68D = {
			isa = PBXGroup;
			children = (
				04B994062BE7A0EA00E9D68D /* README.md */,
				04B993F12BE79DE900E9D68D /* FootprintsOfKorea */,
				04B993F02BE79DE900E9D68D /* Products */,
			);
			sourceTree = "<group>";
		};
		04B993F02BE79DE900E9D68D /* Products */ = {
			isa = PBXGroup;
			children = (
				04B993EF2BE79DE900E9D68D /* FootprintsOfKorea.app */,
			);
			name = Products;
			sourceTree = "<group>";
		};
		04B993F12BE79DE900E9D68D /* FootprintsOfKorea */ = {
			isa = PBXGroup;
			children = (
				04B9940B2BE7CA4000E9D68D /* Application */,
				04B9940A2BE7CA3700E9D68D /* Presentation */,
				04B994092BE7CA2F00E9D68D /* Domain */,
				04B994082BE7CA2300E9D68D /* Data */,
				04B994072BE7CA1300E9D68D /* Infrastructure */,
			);
			path = FootprintsOfKorea;
			sourceTree = "<group>";
		};
		04B994072BE7CA1300E9D68D /* Infrastructure */ = {
			isa = PBXGroup;
			children = (
				04B994162BE7CC4F00E9D68D /* APIKey.plist */,
				04B9940D2BE7CB3400E9D68D /* Network */,
			);
			path = Infrastructure;
			sourceTree = "<group>";
		};
		04B994082BE7CA2300E9D68D /* Data */ = {
			isa = PBXGroup;
			children = (
				04A488052BF343530007D256 /* KeywordSearchRepository.swift */,
			);
			path = Data;
			sourceTree = "<group>";
		};
		04B994092BE7CA2F00E9D68D /* Domain */ = {
			isa = PBXGroup;
			children = (
				0445A0C02BE8EA06006DC373 /* UseCases */,
				0445A0BF2BE8E9FC006DC373 /* Models */,
			);
			path = Domain;
			sourceTree = "<group>";
		};
		04B9940A2BE7CA3700E9D68D /* Presentation */ = {
			isa = PBXGroup;
			children = (
				04B993FD2BE79DE900E9D68D /* LaunchScreen.storyboard */,
				04A488072BF4874D0007D256 /* SearchKeyword */,
			);
			path = Presentation;
			sourceTree = "<group>";
		};
		04B9940B2BE7CA4000E9D68D /* Application */ = {
			isa = PBXGroup;
			children = (
				04B993FB2BE79DE900E9D68D /* Assets.xcassets */,
				04B994002BE79DE900E9D68D /* Info.plist */,
				04B993F22BE79DE900E9D68D /* AppDelegate.swift */,
				04B993F42BE79DE900E9D68D /* SceneDelegate.swift */,
			);
			path = Application;
			sourceTree = "<group>";
		};
		04B9940D2BE7CB3400E9D68D /* Network */ = {
			isa = PBXGroup;
			children = (
				04A488032BF33C590007D256 /* Endpoint.swift */,
				04B9940E2BE7CB6C00E9D68D /* Entities */,
				04B9940F2BE7CB7100E9D68D /* Extensions */,
				04B994102BE7CB7700E9D68D /* NetworkService */,
				04B994112BE7CB7D00E9D68D /* NetworkSessionManager */,
			);
			path = Network;
			sourceTree = "<group>";
		};
		04B9940E2BE7CB6C00E9D68D /* Entities */ = {
			isa = PBXGroup;
			children = (
				041554972BF1EA6B0040EA6D /* KeywordSearchResponseModel.swift */,
			);
			path = Entities;
			sourceTree = "<group>";
		};
		04B9940F2BE7CB7100E9D68D /* Extensions */ = {
			isa = PBXGroup;
			children = (
				04B994122BE7CBB000E9D68D /* URLSession.swift */,
				04B994142BE7CBF400E9D68D /* Bundle.swift */,
				04B9941C2BE7D18B00E9D68D /* JSONDecoder.swift */,
			);
			path = Extensions;
			sourceTree = "<group>";
		};
		04B994102BE7CB7700E9D68D /* NetworkService */ = {
			isa = PBXGroup;
			children = (
				04B9941A2BE7CFCA00E9D68D /* NetworkService.swift */,
			);
			path = NetworkService;
			sourceTree = "<group>";
		};
		04B994112BE7CB7D00E9D68D /* NetworkSessionManager */ = {
			isa = PBXGroup;
			children = (
				04B994182BE7CE9200E9D68D /* NetworkSessionManager.swift */,
			);
			path = NetworkSessionManager;
			sourceTree = "<group>";
		};
/* End PBXGroup section */

/* Begin PBXNativeTarget section */
		04B993EE2BE79DE900E9D68D /* FootprintsOfKorea */ = {
			isa = PBXNativeTarget;
			buildConfigurationList = 04B994032BE79DE900E9D68D /* Build configuration list for PBXNativeTarget "FootprintsOfKorea" */;
			buildPhases = (
				04B993EB2BE79DE900E9D68D /* Sources */,
				04B993EC2BE79DE900E9D68D /* Frameworks */,
				04B993ED2BE79DE900E9D68D /* Resources */,
			);
			buildRules = (
			);
			dependencies = (
			);
			name = FootprintsOfKorea;
			packageProductDependencies = (
				041554932BF1E86B0040EA6D /* RxCocoa */,
				041554952BF1E86B0040EA6D /* RxSwift */,
			);
			productName = FootprintsOfKorea;
			productReference = 04B993EF2BE79DE900E9D68D /* FootprintsOfKorea.app */;
			productType = "com.apple.product-type.application";
		};
/* End PBXNativeTarget section */

/* Begin PBXProject section */
		04B993E72BE79DE900E9D68D /* Project object */ = {
			isa = PBXProject;
			attributes = {
				BuildIndependentTargetsInParallel = 1;
				LastSwiftUpdateCheck = 1530;
				LastUpgradeCheck = 1530;
				TargetAttributes = {
					04B993EE2BE79DE900E9D68D = {
						CreatedOnToolsVersion = 15.3;
					};
				};
			};
			buildConfigurationList = 04B993EA2BE79DE900E9D68D /* Build configuration list for PBXProject "FootprintsOfKorea" */;
			compatibilityVersion = "Xcode 14.0";
			developmentRegion = en;
			hasScannedForEncodings = 0;
			knownRegions = (
				en,
				Base,
			);
			mainGroup = 04B993E62BE79DE900E9D68D;
			packageReferences = (
				041554922BF1E86B0040EA6D /* XCRemoteSwiftPackageReference "RxSwift" */,
			);
			productRefGroup = 04B993F02BE79DE900E9D68D /* Products */;
			projectDirPath = "";
			projectRoot = "";
			targets = (
				04B993EE2BE79DE900E9D68D /* FootprintsOfKorea */,
			);
		};
/* End PBXProject section */

/* Begin PBXResourcesBuildPhase section */
		04B993ED2BE79DE900E9D68D /* Resources */ = {
			isa = PBXResourcesBuildPhase;
			buildActionMask = 2147483647;
			files = (
				04B993FC2BE79DE900E9D68D /* Assets.xcassets in Resources */,
				04B994172BE7CC4F00E9D68D /* APIKey.plist in Resources */,
				04B993FF2BE79DE900E9D68D /* Base in Resources */,
			);
			runOnlyForDeploymentPostprocessing = 0;
		};
/* End PBXResourcesBuildPhase section */

/* Begin PBXSourcesBuildPhase section */
		04B993EB2BE79DE900E9D68D /* Sources */ = {
			isa = PBXSourcesBuildPhase;
			buildActionMask = 2147483647;
			files = (
				04B993F72BE79DE900E9D68D /* SearchKeywordViewController.swift in Sources */,
				C3A409832BF582D700B1D2B2 /* ResultTableViewCell.swift in Sources */,
				C31D58062BF3449700BFE3A3 /* SearchKeywordViewModel.swift in Sources */,
				04B993F32BE79DE900E9D68D /* AppDelegate.swift in Sources */,
				0445A0C22BE8EA50006DC373 /* SearchByKeywordUseCase.swift in Sources */,
				04A488062BF343530007D256 /* KeywordSearchRepository.swift in Sources */,
				04B994132BE7CBB000E9D68D /* URLSession.swift in Sources */,
				04B994192BE7CE9200E9D68D /* NetworkSessionManager.swift in Sources */,
				04B9941D2BE7D18B00E9D68D /* JSONDecoder.swift in Sources */,
				041554982BF1EA6B0040EA6D /* KeywordSearchResponseModel.swift in Sources */,
				041470272BF754F800ACC566 /* FetchImageUseCase.swift in Sources */,
				04B994152BE7CBF400E9D68D /* Bundle.swift in Sources */,
				04B993F52BE79DE900E9D68D /* SceneDelegate.swift in Sources */,
				04A488042BF33C590007D256 /* Endpoint.swift in Sources */,
				04A4880A2BF492DF0007D256 /* BasicModel.swift in Sources */,
				04B9941B2BE7CFCA00E9D68D /* NetworkService.swift in Sources */,
			);
			runOnlyForDeploymentPostprocessing = 0;
		};
/* End PBXSourcesBuildPhase section */

/* Begin PBXVariantGroup section */
		04B993FD2BE79DE900E9D68D /* LaunchScreen.storyboard */ = {
			isa = PBXVariantGroup;
			children = (
				04B993FE2BE79DE900E9D68D /* Base */,
			);
			name = LaunchScreen.storyboard;
			sourceTree = "<group>";
		};
/* End PBXVariantGroup section */

/* Begin XCBuildConfiguration section */
		04B994012BE79DE900E9D68D /* Debug */ = {
			isa = XCBuildConfiguration;
			buildSettings = {
				ALWAYS_SEARCH_USER_PATHS = NO;
				ASSETCATALOG_COMPILER_GENERATE_SWIFT_ASSET_SYMBOL_EXTENSIONS = YES;
				CLANG_ANALYZER_NONNULL = YES;
				CLANG_ANALYZER_NUMBER_OBJECT_CONVERSION = YES_AGGRESSIVE;
				CLANG_CXX_LANGUAGE_STANDARD = "gnu++20";
				CLANG_ENABLE_MODULES = YES;
				CLANG_ENABLE_OBJC_ARC = YES;
				CLANG_ENABLE_OBJC_WEAK = YES;
				CLANG_WARN_BLOCK_CAPTURE_AUTORELEASING = YES;
				CLANG_WARN_BOOL_CONVERSION = YES;
				CLANG_WARN_COMMA = YES;
				CLANG_WARN_CONSTANT_CONVERSION = YES;
				CLANG_WARN_DEPRECATED_OBJC_IMPLEMENTATIONS = YES;
				CLANG_WARN_DIRECT_OBJC_ISA_USAGE = YES_ERROR;
				CLANG_WARN_DOCUMENTATION_COMMENTS = YES;
				CLANG_WARN_EMPTY_BODY = YES;
				CLANG_WARN_ENUM_CONVERSION = YES;
				CLANG_WARN_INFINITE_RECURSION = YES;
				CLANG_WARN_INT_CONVERSION = YES;
				CLANG_WARN_NON_LITERAL_NULL_CONVERSION = YES;
				CLANG_WARN_OBJC_IMPLICIT_RETAIN_SELF = YES;
				CLANG_WARN_OBJC_LITERAL_CONVERSION = YES;
				CLANG_WARN_OBJC_ROOT_CLASS = YES_ERROR;
				CLANG_WARN_QUOTED_INCLUDE_IN_FRAMEWORK_HEADER = YES;
				CLANG_WARN_RANGE_LOOP_ANALYSIS = YES;
				CLANG_WARN_STRICT_PROTOTYPES = YES;
				CLANG_WARN_SUSPICIOUS_MOVE = YES;
				CLANG_WARN_UNGUARDED_AVAILABILITY = YES_AGGRESSIVE;
				CLANG_WARN_UNREACHABLE_CODE = YES;
				CLANG_WARN__DUPLICATE_METHOD_MATCH = YES;
				COPY_PHASE_STRIP = NO;
				DEBUG_INFORMATION_FORMAT = dwarf;
				ENABLE_STRICT_OBJC_MSGSEND = YES;
				ENABLE_TESTABILITY = YES;
				ENABLE_USER_SCRIPT_SANDBOXING = YES;
				GCC_C_LANGUAGE_STANDARD = gnu17;
				GCC_DYNAMIC_NO_PIC = NO;
				GCC_NO_COMMON_BLOCKS = YES;
				GCC_OPTIMIZATION_LEVEL = 0;
				GCC_PREPROCESSOR_DEFINITIONS = (
					"DEBUG=1",
					"$(inherited)",
				);
				GCC_WARN_64_TO_32_BIT_CONVERSION = YES;
				GCC_WARN_ABOUT_RETURN_TYPE = YES_ERROR;
				GCC_WARN_UNDECLARED_SELECTOR = YES;
				GCC_WARN_UNINITIALIZED_AUTOS = YES_AGGRESSIVE;
				GCC_WARN_UNUSED_FUNCTION = YES;
				GCC_WARN_UNUSED_VARIABLE = YES;
				IPHONEOS_DEPLOYMENT_TARGET = 17.4;
				LOCALIZATION_PREFERS_STRING_CATALOGS = YES;
				MTL_ENABLE_DEBUG_INFO = INCLUDE_SOURCE;
				MTL_FAST_MATH = YES;
				ONLY_ACTIVE_ARCH = YES;
				SDKROOT = iphoneos;
				SWIFT_ACTIVE_COMPILATION_CONDITIONS = "DEBUG $(inherited)";
				SWIFT_OPTIMIZATION_LEVEL = "-Onone";
			};
			name = Debug;
		};
		04B994022BE79DE900E9D68D /* Release */ = {
			isa = XCBuildConfiguration;
			buildSettings = {
				ALWAYS_SEARCH_USER_PATHS = NO;
				ASSETCATALOG_COMPILER_GENERATE_SWIFT_ASSET_SYMBOL_EXTENSIONS = YES;
				CLANG_ANALYZER_NONNULL = YES;
				CLANG_ANALYZER_NUMBER_OBJECT_CONVERSION = YES_AGGRESSIVE;
				CLANG_CXX_LANGUAGE_STANDARD = "gnu++20";
				CLANG_ENABLE_MODULES = YES;
				CLANG_ENABLE_OBJC_ARC = YES;
				CLANG_ENABLE_OBJC_WEAK = YES;
				CLANG_WARN_BLOCK_CAPTURE_AUTORELEASING = YES;
				CLANG_WARN_BOOL_CONVERSION = YES;
				CLANG_WARN_COMMA = YES;
				CLANG_WARN_CONSTANT_CONVERSION = YES;
				CLANG_WARN_DEPRECATED_OBJC_IMPLEMENTATIONS = YES;
				CLANG_WARN_DIRECT_OBJC_ISA_USAGE = YES_ERROR;
				CLANG_WARN_DOCUMENTATION_COMMENTS = YES;
				CLANG_WARN_EMPTY_BODY = YES;
				CLANG_WARN_ENUM_CONVERSION = YES;
				CLANG_WARN_INFINITE_RECURSION = YES;
				CLANG_WARN_INT_CONVERSION = YES;
				CLANG_WARN_NON_LITERAL_NULL_CONVERSION = YES;
				CLANG_WARN_OBJC_IMPLICIT_RETAIN_SELF = YES;
				CLANG_WARN_OBJC_LITERAL_CONVERSION = YES;
				CLANG_WARN_OBJC_ROOT_CLASS = YES_ERROR;
				CLANG_WARN_QUOTED_INCLUDE_IN_FRAMEWORK_HEADER = YES;
				CLANG_WARN_RANGE_LOOP_ANALYSIS = YES;
				CLANG_WARN_STRICT_PROTOTYPES = YES;
				CLANG_WARN_SUSPICIOUS_MOVE = YES;
				CLANG_WARN_UNGUARDED_AVAILABILITY = YES_AGGRESSIVE;
				CLANG_WARN_UNREACHABLE_CODE = YES;
				CLANG_WARN__DUPLICATE_METHOD_MATCH = YES;
				COPY_PHASE_STRIP = NO;
				DEBUG_INFORMATION_FORMAT = "dwarf-with-dsym";
				ENABLE_NS_ASSERTIONS = NO;
				ENABLE_STRICT_OBJC_MSGSEND = YES;
				ENABLE_USER_SCRIPT_SANDBOXING = YES;
				GCC_C_LANGUAGE_STANDARD = gnu17;
				GCC_NO_COMMON_BLOCKS = YES;
				GCC_WARN_64_TO_32_BIT_CONVERSION = YES;
				GCC_WARN_ABOUT_RETURN_TYPE = YES_ERROR;
				GCC_WARN_UNDECLARED_SELECTOR = YES;
				GCC_WARN_UNINITIALIZED_AUTOS = YES_AGGRESSIVE;
				GCC_WARN_UNUSED_FUNCTION = YES;
				GCC_WARN_UNUSED_VARIABLE = YES;
				IPHONEOS_DEPLOYMENT_TARGET = 17.4;
				LOCALIZATION_PREFERS_STRING_CATALOGS = YES;
				MTL_ENABLE_DEBUG_INFO = NO;
				MTL_FAST_MATH = YES;
				SDKROOT = iphoneos;
				SWIFT_COMPILATION_MODE = wholemodule;
				VALIDATE_PRODUCT = YES;
			};
			name = Release;
		};
		04B994042BE79DE900E9D68D /* Debug */ = {
			isa = XCBuildConfiguration;
			buildSettings = {
				ASSETCATALOG_COMPILER_APPICON_NAME = AppIcon;
				ASSETCATALOG_COMPILER_GLOBAL_ACCENT_COLOR_NAME = AccentColor;
				CODE_SIGN_STYLE = Automatic;
				CURRENT_PROJECT_VERSION = 1;
				DEVELOPMENT_TEAM = P85DW78LYM;
				GENERATE_INFOPLIST_FILE = YES;
				INFOPLIST_FILE = FootprintsOfKorea/Application/Info.plist;
				INFOPLIST_KEY_UIApplicationSupportsIndirectInputEvents = YES;
				INFOPLIST_KEY_UILaunchStoryboardName = LaunchScreen;
				INFOPLIST_KEY_UISupportedInterfaceOrientations = "UIInterfaceOrientationLandscapeLeft UIInterfaceOrientationLandscapeRight UIInterfaceOrientationPortrait";
				LD_RUNPATH_SEARCH_PATHS = (
					"$(inherited)",
					"@executable_path/Frameworks",
				);
				MARKETING_VERSION = 1.0;
				PRODUCT_BUNDLE_IDENTIFIER = SwainYun.FootprintsOfKorea;
				PRODUCT_NAME = "$(TARGET_NAME)";
				SUPPORTED_PLATFORMS = "iphoneos iphonesimulator";
				SUPPORTS_MACCATALYST = NO;
				SUPPORTS_MAC_DESIGNED_FOR_IPHONE_IPAD = NO;
				SUPPORTS_XR_DESIGNED_FOR_IPHONE_IPAD = NO;
				SWIFT_EMIT_LOC_STRINGS = YES;
				SWIFT_VERSION = 5.0;
				TARGETED_DEVICE_FAMILY = "1,2";
			};
			name = Debug;
		};
		04B994052BE79DE900E9D68D /* Release */ = {
			isa = XCBuildConfiguration;
			buildSettings = {
				ASSETCATALOG_COMPILER_APPICON_NAME = AppIcon;
				ASSETCATALOG_COMPILER_GLOBAL_ACCENT_COLOR_NAME = AccentColor;
				CODE_SIGN_STYLE = Automatic;
				CURRENT_PROJECT_VERSION = 1;
				DEVELOPMENT_TEAM = P85DW78LYM;
				GENERATE_INFOPLIST_FILE = YES;
				INFOPLIST_FILE = FootprintsOfKorea/Application/Info.plist;
				INFOPLIST_KEY_UIApplicationSupportsIndirectInputEvents = YES;
				INFOPLIST_KEY_UILaunchStoryboardName = LaunchScreen;
				INFOPLIST_KEY_UISupportedInterfaceOrientations = "UIInterfaceOrientationLandscapeLeft UIInterfaceOrientationLandscapeRight UIInterfaceOrientationPortrait";
				LD_RUNPATH_SEARCH_PATHS = (
					"$(inherited)",
					"@executable_path/Frameworks",
				);
				MARKETING_VERSION = 1.0;
				PRODUCT_BUNDLE_IDENTIFIER = SwainYun.FootprintsOfKorea;
				PRODUCT_NAME = "$(TARGET_NAME)";
				SUPPORTED_PLATFORMS = "iphoneos iphonesimulator";
				SUPPORTS_MACCATALYST = NO;
				SUPPORTS_MAC_DESIGNED_FOR_IPHONE_IPAD = NO;
				SUPPORTS_XR_DESIGNED_FOR_IPHONE_IPAD = NO;
				SWIFT_EMIT_LOC_STRINGS = YES;
				SWIFT_VERSION = 5.0;
				TARGETED_DEVICE_FAMILY = "1,2";
			};
			name = Release;
		};
/* End XCBuildConfiguration section */

/* Begin XCConfigurationList section */
		04B993EA2BE79DE900E9D68D /* Build configuration list for PBXProject "FootprintsOfKorea" */ = {
			isa = XCConfigurationList;
			buildConfigurations = (
				04B994012BE79DE900E9D68D /* Debug */,
				04B994022BE79DE900E9D68D /* Release */,
			);
			defaultConfigurationIsVisible = 0;
			defaultConfigurationName = Release;
		};
		04B994032BE79DE900E9D68D /* Build configuration list for PBXNativeTarget "FootprintsOfKorea" */ = {
			isa = XCConfigurationList;
			buildConfigurations = (
				04B994042BE79DE900E9D68D /* Debug */,
				04B994052BE79DE900E9D68D /* Release */,
			);
			defaultConfigurationIsVisible = 0;
			defaultConfigurationName = Release;
		};
/* End XCConfigurationList section */

/* Begin XCRemoteSwiftPackageReference section */
		041554922BF1E86B0040EA6D /* XCRemoteSwiftPackageReference "RxSwift" */ = {
			isa = XCRemoteSwiftPackageReference;
			repositoryURL = "https://github.com/ReactiveX/RxSwift.git";
			requirement = {
				kind = upToNextMajorVersion;
				minimumVersion = 6.7.1;
			};
		};
/* End XCRemoteSwiftPackageReference section */

/* Begin XCSwiftPackageProductDependency section */
		041554932BF1E86B0040EA6D /* RxCocoa */ = {
			isa = XCSwiftPackageProductDependency;
			package = 041554922BF1E86B0040EA6D /* XCRemoteSwiftPackageReference "RxSwift" */;
			productName = RxCocoa;
		};
		041554952BF1E86B0040EA6D /* RxSwift */ = {
			isa = XCSwiftPackageProductDependency;
			package = 041554922BF1E86B0040EA6D /* XCRemoteSwiftPackageReference "RxSwift" */;
			productName = RxSwift;
		};
/* End XCSwiftPackageProductDependency section */
	};
	rootObject = 04B993E72BE79DE900E9D68D /* Project object */;
}
